Microsoft Visual Studio Solution File, Format Version 12.00
# Visual Studio Version 17
VisualStudioVersion = 17.5.2.0
MinimumVisualStudioVersion = 10.0.40219.1
Project("{FAE04EC0-301F-11D3-BF4B-00C04F79EFBC}") = "MT.HexDump", "src\MT.HexDump.csproj", "{7390439D-0637-3678-2C30-B586303C5B6B}"
EndProject
Global
	GlobalSection(SolutionConfigurationPlatforms) = preSolution
		Debug|Any CPU = Debug|Any CPU
		Release|Any CPU = Release|Any CPU
	EndGlobalSection
	GlobalSection(ProjectConfigurationPlatforms) = postSolution
		{7390439D-0637-3678-2C30-B586303C5B6B}.Debug|Any CPU.ActiveCfg = Debug|Any CPU
		{7390439D-0637-3678-2C30-B586303C5B6B}.Debug|Any CPU.Build.0 = Debug|Any CPU
		{7390439D-0637-3678-2C30-B586303C5B6B}.Release|Any CPU.ActiveCfg = Release|Any CPU
		{7390439D-0637-3678-2C30-B586303C5B6B}.Release|Any CPU.Build.0 = Release|Any CPU
	EndGlobalSection
	GlobalSection(SolutionProperties) = preSolution
		HideSolutionNode = FALSE
	EndGlobalSection
	GlobalSection(ExtensibilityGlobals) = postSolution
		SolutionGuid = {4A09A80D-1D13-4D7F-8354-08DD679C5C93}
	EndGlobalSection
EndGlobal
